
Microsoft Visual Studio Solution File, Format Version 12.00
# Visual Studio Version 16
VisualStudioVersion = 16.0.34114.132
MinimumVisualStudioVersion = 10.0.40219.1
Project("{FAE04EC0-301F-11D3-BF4B-00C04F79EFBC}") = "Задание 2", "Задание 2.csproj", "{870D936C-A398-4AAA-8B7D-B10BBD73571B}"
EndProject
Global
	GlobalSection(SolutionConfigurationPlatforms) = preSolution
		Debug|Any CPU = Debug|Any CPU
		Release|Any CPU = Release|Any CPU
	EndGlobalSection
	GlobalSection(ProjectConfigurationPlatforms) = postSolution
		{870D936C-A398-4AAA-8B7D-B10BBD73571B}.Debug|Any CPU.ActiveCfg = Debug|Any CPU
		{870D936C-A398-4AAA-8B7D-B10BBD73571B}.Debug|Any CPU.Build.0 = Debug|Any CPU
		{870D936C-A398-4AAA-8B7D-B10BBD73571B}.Release|Any CPU.ActiveCfg = Release|Any CPU
		{870D936C-A398-4AAA-8B7D-B10BBD73571B}.Release|Any CPU.Build.0 = Release|Any CPU
	EndGlobalSection
	GlobalSection(SolutionProperties) = preSolution
		HideSolutionNode = FALSE
	EndGlobalSection
	GlobalSection(ExtensibilityGlobals) = postSolution
		SolutionGuid = {9D80615A-3E9D-4C24-B962-D8291470DF2F}
	EndGlobalSection
EndGlobal
